
Microsoft Visual Studio Solution File, Format Version 11.00
# Visual Studio 2010
Project("{FAE04EC0-301F-11D3-BF4B-00C04F79EFBC}") = "Apriori.On.Net", "Apriori.On.Net\Apriori.On.Net.csproj", "{EA4257A0-0D53-4EF3-987D-2D556B10277A}"
EndProject
Project("{FAE04EC0-301F-11D3-BF4B-00C04F79EFBC}") = "Apriori.On.Net.Core", "Apriori.On.Net.Core\Apriori.On.Net.Core.csproj", "{9978D4AC-640D-41D4-87B5-3A682A14B0E9}"
EndProject
Global
	GlobalSection(SolutionConfigurationPlatforms) = preSolution
		Debug|Any CPU = Debug|Any CPU
		Debug|Mixed Platforms = Debug|Mixed Platforms
		Debug|x86 = Debug|x86
		Release|Any CPU = Release|Any CPU
		Release|Mixed Platforms = Release|Mixed Platforms
		Release|x86 = Release|x86
	EndGlobalSection
	GlobalSection(ProjectConfigurationPlatforms) = postSolution
		{EA4257A0-0D53-4EF3-987D-2D556B10277A}.Debug|Any CPU.ActiveCfg = Debug|x86
		{EA4257A0-0D53-4EF3-987D-2D556B10277A}.Debug|Mixed Platforms.ActiveCfg = Debug|x86
		{EA4257A0-0D53-4EF3-987D-2D556B10277A}.Debug|Mixed Platforms.Build.0 = Debug|x86
		{EA4257A0-0D53-4EF3-987D-2D556B10277A}.Debug|x86.ActiveCfg = Debug|x86
		{EA4257A0-0D53-4EF3-987D-2D556B10277A}.Debug|x86.Build.0 = Debug|x86
		{EA4257A0-0D53-4EF3-987D-2D556B10277A}.Release|Any CPU.ActiveCfg = Release|x86
		{EA4257A0-0D53-4EF3-987D-2D556B10277A}.Release|Mixed Platforms.ActiveCfg = Release|x86
		{EA4257A0-0D53-4EF3-987D-2D556B10277A}.Release|Mixed Platforms.Build.0 = Release|x86
		{EA4257A0-0D53-4EF3-987D-2D556B10277A}.Release|x86.ActiveCfg = Release|x86
		{EA4257A0-0D53-4EF3-987D-2D556B10277A}.Release|x86.Build.0 = Release|x86
		{9978D4AC-640D-41D4-87B5-3A682A14B0E9}.Debug|Any CPU.ActiveCfg = Debug|Any CPU
		{9978D4AC-640D-41D4-87B5-3A682A14B0E9}.Debug|Any CPU.Build.0 = Debug|Any CPU
		{9978D4AC-640D-41D4-87B5-3A682A14B0E9}.Debug|Mixed Platforms.ActiveCfg = Debug|Any CPU
		{9978D4AC-640D-41D4-87B5-3A682A14B0E9}.Debug|Mixed Platforms.Build.0 = Debug|Any CPU
		{9978D4AC-640D-41D4-87B5-3A682A14B0E9}.Debug|x86.ActiveCfg = Debug|Any CPU
		{9978D4AC-640D-41D4-87B5-3A682A14B0E9}.Release|Any CPU.ActiveCfg = Release|Any CPU
		{9978D4AC-640D-41D4-87B5-3A682A14B0E9}.Release|Any CPU.Build.0 = Release|Any CPU
		{9978D4AC-640D-41D4-87B5-3A682A14B0E9}.Release|Mixed Platforms.ActiveCfg = Release|Any CPU
		{9978D4AC-640D-41D4-87B5-3A682A14B0E9}.Release|Mixed Platforms.Build.0 = Release|Any CPU
		{9978D4AC-640D-41D4-87B5-3A682A14B0E9}.Release|x86.ActiveCfg = Release|Any CPU
	EndGlobalSection
	GlobalSection(SolutionProperties) = preSolution
		HideSolutionNode = FALSE
	EndGlobalSection
EndGlobal
